
Microsoft Visual Studio Solution File, Format Version 12.00
# Visual Studio 14
VisualStudioVersion = 14.0.22609.0
MinimumVisualStudioVersion = 10.0.40219.1
Project("{2150E333-8FDC-42A3-9474-1A3956D46DE8}") = "Boot", "Boot", "{02C4C52E-2504-4FC3-BD09-D65AB289D2A3}"
EndProject
Project("{8BC9CEB8-8B4A-11D0-8D11-00A0C91BC942}") = "Bootloader", "Src\Boot\Bootloader\Bootloader.vcxproj", "{28B7C1E8-BD49-48E7-AC26-C5AE7A8ADAE2}"
EndProject
Project("{2150E333-8FDC-42A3-9474-1A3956D46DE8}") = "Tomato", "Tomato", "{73562C4E-411B-44E9-8A0C-24A471AC9068}"
EndProject
Project("{2150E333-8FDC-42A3-9474-1A3956D46DE8}") = "System", "System", "{5D4300C9-E1CF-4FD4-980C-D3E746A88DA2}"
EndProject
Project("{8BC9CEB8-8B4A-11D0-8D11-00A0C91BC942}") = "OSKernel", "Src\Tomato\System\OSKernel\OSKernel.vcxproj", "{04FC833C-8561-487F-8A2F-BD5A26D3DF8A}"
EndProject
Project("{8BC9CEB8-8B4A-11D0-8D11-00A0C91BC942}") = "BootVideo", "Src\Tomato\System\BootVideo\BootVideo.vcxproj", "{1E5A446D-7442-4D55-8F1E-EE51522B0FEB}"
EndProject
Project("{2150E333-8FDC-42A3-9474-1A3956D46DE8}") = "TMTCRT", "TMTCRT", "{67CA607C-CDC7-4A57-A10A-6A86DF861F68}"
EndProject
Project("{8BC9CEB8-8B4A-11D0-8D11-00A0C91BC942}") = "TMTCRT.Kernel", "Src\Tomato\System\TMTCRT\TMTCRT.Kernel\TMTCRT.Kernel.vcxproj", "{BDA96904-85BB-4F2A-BF7A-659F0D5ACD8D}"
EndProject
Project("{8BC9CEB8-8B4A-11D0-8D11-00A0C91BC942}") = "TMTCRT.User", "Src\Tomato\System\TMTCRT\TMTCRT.User\TMTCRT.User.vcxproj", "{4FAE964A-A282-4C89-9EAD-18026E9F74B5}"
EndProject
Project("{8BC9CEB8-8B4A-11D0-8D11-00A0C91BC942}") = "TMTCRT.Shared", "Src\Tomato\System\TMTCRT\TMTCRT.Shared\TMTCRT.Shared.vcxitems", "{45D41ACC-2C3C-43D2-BC10-02AA73FFC7C7}"
EndProject
Global
	GlobalSection(SharedMSBuildProjectFiles) = preSolution
		Src\Tomato\System\TMTCRT\TMTCRT.Shared\TMTCRT.Shared.vcxitems*{4fae964a-a282-4c89-9ead-18026e9f74b5}*SharedItemsImports = 4
		Src\Tomato\System\TMTCRT\TMTCRT.Shared\TMTCRT.Shared.vcxitems*{bda96904-85bb-4f2a-bf7a-659f0d5acd8d}*SharedItemsImports = 4
		Src\Tomato\System\TMTCRT\TMTCRT.Shared\TMTCRT.Shared.vcxitems*{45d41acc-2c3c-43d2-bc10-02aa73ffc7c7}*SharedItemsImports = 9
	EndGlobalSection
	GlobalSection(SolutionConfigurationPlatforms) = preSolution
		Debug|x64 = Debug|x64
		Debug|x86 = Debug|x86
		Release|x64 = Release|x64
		Release|x86 = Release|x86
	EndGlobalSection
	GlobalSection(ProjectConfigurationPlatforms) = postSolution
		{28B7C1E8-BD49-48E7-AC26-C5AE7A8ADAE2}.Debug|x64.ActiveCfg = Debug|x64
		{28B7C1E8-BD49-48E7-AC26-C5AE7A8ADAE2}.Debug|x86.ActiveCfg = Debug|Win32
		{28B7C1E8-BD49-48E7-AC26-C5AE7A8ADAE2}.Debug|x86.Build.0 = Debug|Win32
		{28B7C1E8-BD49-48E7-AC26-C5AE7A8ADAE2}.Release|x64.ActiveCfg = Release|x64
		{28B7C1E8-BD49-48E7-AC26-C5AE7A8ADAE2}.Release|x64.Build.0 = Release|x64
		{28B7C1E8-BD49-48E7-AC26-C5AE7A8ADAE2}.Release|x86.ActiveCfg = Release|Win32
		{28B7C1E8-BD49-48E7-AC26-C5AE7A8ADAE2}.Release|x86.Build.0 = Release|Win32
		{04FC833C-8561-487F-8A2F-BD5A26D3DF8A}.Debug|x64.ActiveCfg = Debug|x64
		{04FC833C-8561-487F-8A2F-BD5A26D3DF8A}.Debug|x64.Build.0 = Debug|x64
		{04FC833C-8561-487F-8A2F-BD5A26D3DF8A}.Debug|x86.ActiveCfg = Debug|Win32
		{04FC833C-8561-487F-8A2F-BD5A26D3DF8A}.Debug|x86.Build.0 = Debug|Win32
		{04FC833C-8561-487F-8A2F-BD5A26D3DF8A}.Release|x64.ActiveCfg = Release|Win32
		{04FC833C-8561-487F-8A2F-BD5A26D3DF8A}.Release|x86.ActiveCfg = Release|Win32
		{04FC833C-8561-487F-8A2F-BD5A26D3DF8A}.Release|x86.Build.0 = Release|Win32
		{1E5A446D-7442-4D55-8F1E-EE51522B0FEB}.Debug|x64.ActiveCfg = Debug|x64
		{1E5A446D-7442-4D55-8F1E-EE51522B0FEB}.Debug|x64.Build.0 = Debug|x64
		{1E5A446D-7442-4D55-8F1E-EE51522B0FEB}.Debug|x86.ActiveCfg = Debug|Win32
		{1E5A446D-7442-4D55-8F1E-EE51522B0FEB}.Debug|x86.Build.0 = Debug|Win32
		{1E5A446D-7442-4D55-8F1E-EE51522B0FEB}.Release|x64.ActiveCfg = Release|Win32
		{1E5A446D-7442-4D55-8F1E-EE51522B0FEB}.Release|x86.ActiveCfg = Release|Win32
		{1E5A446D-7442-4D55-8F1E-EE51522B0FEB}.Release|x86.Build.0 = Release|Win32
		{BDA96904-85BB-4F2A-BF7A-659F0D5ACD8D}.Debug|x64.ActiveCfg = Debug|x64
		{BDA96904-85BB-4F2A-BF7A-659F0D5ACD8D}.Debug|x64.Build.0 = Debug|x64
		{BDA96904-85BB-4F2A-BF7A-659F0D5ACD8D}.Debug|x86.ActiveCfg = Debug|Win32
		{BDA96904-85BB-4F2A-BF7A-659F0D5ACD8D}.Debug|x86.Build.0 = Debug|Win32
		{BDA96904-85BB-4F2A-BF7A-659F0D5ACD8D}.Release|x64.ActiveCfg = Release|Win32
		{BDA96904-85BB-4F2A-BF7A-659F0D5ACD8D}.Release|x86.ActiveCfg = Release|Win32
		{BDA96904-85BB-4F2A-BF7A-659F0D5ACD8D}.Release|x86.Build.0 = Release|Win32
		{4FAE964A-A282-4C89-9EAD-18026E9F74B5}.Debug|x64.ActiveCfg = Debug|x64
		{4FAE964A-A282-4C89-9EAD-18026E9F74B5}.Debug|x64.Build.0 = Debug|x64
		{4FAE964A-A282-4C89-9EAD-18026E9F74B5}.Debug|x86.ActiveCfg = Debug|Win32
		{4FAE964A-A282-4C89-9EAD-18026E9F74B5}.Debug|x86.Build.0 = Debug|Win32
		{4FAE964A-A282-4C89-9EAD-18026E9F74B5}.Release|x64.ActiveCfg = Release|Win32
		{4FAE964A-A282-4C89-9EAD-18026E9F74B5}.Release|x86.ActiveCfg = Release|Win32
		{4FAE964A-A282-4C89-9EAD-18026E9F74B5}.Release|x86.Build.0 = Release|Win32
	EndGlobalSection
	GlobalSection(SolutionProperties) = preSolution
		HideSolutionNode = FALSE
	EndGlobalSection
	GlobalSection(NestedProjects) = preSolution
		{28B7C1E8-BD49-48E7-AC26-C5AE7A8ADAE2} = {02C4C52E-2504-4FC3-BD09-D65AB289D2A3}
		{5D4300C9-E1CF-4FD4-980C-D3E746A88DA2} = {73562C4E-411B-44E9-8A0C-24A471AC9068}
		{04FC833C-8561-487F-8A2F-BD5A26D3DF8A} = {5D4300C9-E1CF-4FD4-980C-D3E746A88DA2}
		{1E5A446D-7442-4D55-8F1E-EE51522B0FEB} = {5D4300C9-E1CF-4FD4-980C-D3E746A88DA2}
		{67CA607C-CDC7-4A57-A10A-6A86DF861F68} = {5D4300C9-E1CF-4FD4-980C-D3E746A88DA2}
		{BDA96904-85BB-4F2A-BF7A-659F0D5ACD8D} = {67CA607C-CDC7-4A57-A10A-6A86DF861F68}
		{4FAE964A-A282-4C89-9EAD-18026E9F74B5} = {67CA607C-CDC7-4A57-A10A-6A86DF861F68}
		{45D41ACC-2C3C-43D2-BC10-02AA73FFC7C7} = {67CA607C-CDC7-4A57-A10A-6A86DF861F68}
	EndGlobalSection
EndGlobal
